
Microsoft Visual Studio Solution File, Format Version 12.00
# Visual Studio 15
VisualStudioVersion = 15.0.26430.16
MinimumVisualStudioVersion = 10.0.40219.1
Project("{FAE04EC0-301F-11D3-BF4B-00C04F79EFBC}") = "Eventing.Core", "libs\Eventing.Core-v1.0.0\Eventing.Core.csproj", "{D8A3116A-5C51-4A6F-B364-512948E5A792}"
EndProject
Project("{FAE04EC0-301F-11D3-BF4B-00C04F79EFBC}") = "Eventing.GetEventStore", "libs\Eventing.GetEventStore-v1.0.0\Eventing.GetEventStore.csproj", "{7C1FC9BB-A213-4E09-8FD2-F13ADFA758B4}"
EndProject
Project("{FAE04EC0-301F-11D3-BF4B-00C04F79EFBC}") = "Eventing.HttpClient", "libs\Eventing.HttpClient-v1.0.0\Eventing.HttpClient.csproj", "{FD80989B-08E7-446A-B967-670BAEB4BD5F}"
EndProject
Project("{FAE04EC0-301F-11D3-BF4B-00C04F79EFBC}") = "Eventing.TestHelpers", "libs\Eventing.TestHelpers-v1.0.0\Eventing.TestHelpers.csproj", "{31913791-9E19-4F54-BC07-EF281988C0CD}"
EndProject
Project("{2150E333-8FDC-42A3-9474-1A3956D46DE8}") = "libs", "libs", "{C6C4036A-D816-4127-B6F6-01CD5788B720}"
EndProject
Project("{FAE04EC0-301F-11D3-BF4B-00C04F79EFBC}") = "EstanciaGanadera.Web", "EstanciaGanadera.Web\EstanciaGanadera.Web.csproj", "{AE191292-56E4-4A8C-B9D8-C6AD7CE22F6D}"
EndProject
Project("{FAE04EC0-301F-11D3-BF4B-00C04F79EFBC}") = "EstanciaGanadera.Server", "EstanciaGanadera.Server\EstanciaGanadera.Server.csproj", "{82D63792-CA2D-4C6B-B30B-46948CC1EF60}"
EndProject
Project("{FAE04EC0-301F-11D3-BF4B-00C04F79EFBC}") = "EstanciaGanadera.Domain", "EstanciaGanadera.Domain\EstanciaGanadera.Domain.csproj", "{0C3325E2-62AD-49DD-9C97-A113412FAF3F}"
EndProject
Project("{FAE04EC0-301F-11D3-BF4B-00C04F79EFBC}") = "EstanciaGanadera.Domain.Tests", "EstanciaGanadera.Domain.Tests\EstanciaGanadera.Domain.Tests.csproj", "{58FB0E73-A4EB-410B-AD9D-7FDF278B106E}"
EndProject
Project("{FAE04EC0-301F-11D3-BF4B-00C04F79EFBC}") = "EstanciaGanadera.Client", "EstanciaGanadera.Client\EstanciaGanadera.Client.csproj", "{F652C6C1-16FA-4242-AA5C-7677B6E7C798}"
EndProject
Project("{FAE04EC0-301F-11D3-BF4B-00C04F79EFBC}") = "EstanciaGanadera.Desktop", "EstanciaGanadera.Desktop\EstanciaGanadera.Desktop.csproj", "{0CCDCA57-6BCB-429F-8560-CC6785B74435}"
EndProject
Project("{FAE04EC0-301F-11D3-BF4B-00C04F79EFBC}") = "EstanciaGanadera.Common", "EstanciaGanadera.Common\EstanciaGanadera.Common.csproj", "{F46BDA9F-46A5-4CDA-AF9A-6F7B94484993}"
EndProject
Global
	GlobalSection(SolutionConfigurationPlatforms) = preSolution
		Debug|Any CPU = Debug|Any CPU
		DropDb|Any CPU = DropDb|Any CPU
		Release|Any CPU = Release|Any CPU
	EndGlobalSection
	GlobalSection(ProjectConfigurationPlatforms) = postSolution
		{D8A3116A-5C51-4A6F-B364-512948E5A792}.Debug|Any CPU.ActiveCfg = Debug|Any CPU
		{D8A3116A-5C51-4A6F-B364-512948E5A792}.Debug|Any CPU.Build.0 = Debug|Any CPU
		{D8A3116A-5C51-4A6F-B364-512948E5A792}.DropDb|Any CPU.ActiveCfg = DropDb|Any CPU
		{D8A3116A-5C51-4A6F-B364-512948E5A792}.DropDb|Any CPU.Build.0 = DropDb|Any CPU
		{D8A3116A-5C51-4A6F-B364-512948E5A792}.Release|Any CPU.ActiveCfg = Release|Any CPU
		{D8A3116A-5C51-4A6F-B364-512948E5A792}.Release|Any CPU.Build.0 = Release|Any CPU
		{7C1FC9BB-A213-4E09-8FD2-F13ADFA758B4}.Debug|Any CPU.ActiveCfg = Debug|Any CPU
		{7C1FC9BB-A213-4E09-8FD2-F13ADFA758B4}.Debug|Any CPU.Build.0 = Debug|Any CPU
		{7C1FC9BB-A213-4E09-8FD2-F13ADFA758B4}.DropDb|Any CPU.ActiveCfg = DropDb|Any CPU
		{7C1FC9BB-A213-4E09-8FD2-F13ADFA758B4}.DropDb|Any CPU.Build.0 = DropDb|Any CPU
		{7C1FC9BB-A213-4E09-8FD2-F13ADFA758B4}.Release|Any CPU.ActiveCfg = Release|Any CPU
		{7C1FC9BB-A213-4E09-8FD2-F13ADFA758B4}.Release|Any CPU.Build.0 = Release|Any CPU
		{FD80989B-08E7-446A-B967-670BAEB4BD5F}.Debug|Any CPU.ActiveCfg = Debug|Any CPU
		{FD80989B-08E7-446A-B967-670BAEB4BD5F}.Debug|Any CPU.Build.0 = Debug|Any CPU
		{FD80989B-08E7-446A-B967-670BAEB4BD5F}.DropDb|Any CPU.ActiveCfg = DropDb|Any CPU
		{FD80989B-08E7-446A-B967-670BAEB4BD5F}.DropDb|Any CPU.Build.0 = DropDb|Any CPU
		{FD80989B-08E7-446A-B967-670BAEB4BD5F}.Release|Any CPU.ActiveCfg = Release|Any CPU
		{FD80989B-08E7-446A-B967-670BAEB4BD5F}.Release|Any CPU.Build.0 = Release|Any CPU
		{31913791-9E19-4F54-BC07-EF281988C0CD}.Debug|Any CPU.ActiveCfg = Debug|Any CPU
		{31913791-9E19-4F54-BC07-EF281988C0CD}.Debug|Any CPU.Build.0 = Debug|Any CPU
		{31913791-9E19-4F54-BC07-EF281988C0CD}.DropDb|Any CPU.ActiveCfg = Debug|Any CPU
		{31913791-9E19-4F54-BC07-EF281988C0CD}.DropDb|Any CPU.Build.0 = Debug|Any CPU
		{31913791-9E19-4F54-BC07-EF281988C0CD}.Release|Any CPU.ActiveCfg = Release|Any CPU
		{31913791-9E19-4F54-BC07-EF281988C0CD}.Release|Any CPU.Build.0 = Release|Any CPU
		{AE191292-56E4-4A8C-B9D8-C6AD7CE22F6D}.Debug|Any CPU.ActiveCfg = Debug|Any CPU
		{AE191292-56E4-4A8C-B9D8-C6AD7CE22F6D}.Debug|Any CPU.Build.0 = Debug|Any CPU
		{AE191292-56E4-4A8C-B9D8-C6AD7CE22F6D}.DropDb|Any CPU.ActiveCfg = Debug|Any CPU
		{AE191292-56E4-4A8C-B9D8-C6AD7CE22F6D}.DropDb|Any CPU.Build.0 = Debug|Any CPU
		{AE191292-56E4-4A8C-B9D8-C6AD7CE22F6D}.Release|Any CPU.ActiveCfg = Release|Any CPU
		{AE191292-56E4-4A8C-B9D8-C6AD7CE22F6D}.Release|Any CPU.Build.0 = Release|Any CPU
		{82D63792-CA2D-4C6B-B30B-46948CC1EF60}.Debug|Any CPU.ActiveCfg = Debug|Any CPU
		{82D63792-CA2D-4C6B-B30B-46948CC1EF60}.Debug|Any CPU.Build.0 = Debug|Any CPU
		{82D63792-CA2D-4C6B-B30B-46948CC1EF60}.DropDb|Any CPU.ActiveCfg = Debug|Any CPU
		{82D63792-CA2D-4C6B-B30B-46948CC1EF60}.DropDb|Any CPU.Build.0 = Debug|Any CPU
		{82D63792-CA2D-4C6B-B30B-46948CC1EF60}.Release|Any CPU.ActiveCfg = Release|Any CPU
		{82D63792-CA2D-4C6B-B30B-46948CC1EF60}.Release|Any CPU.Build.0 = Release|Any CPU
		{0C3325E2-62AD-49DD-9C97-A113412FAF3F}.Debug|Any CPU.ActiveCfg = Debug|Any CPU
		{0C3325E2-62AD-49DD-9C97-A113412FAF3F}.Debug|Any CPU.Build.0 = Debug|Any CPU
		{0C3325E2-62AD-49DD-9C97-A113412FAF3F}.DropDb|Any CPU.ActiveCfg = Debug|Any CPU
		{0C3325E2-62AD-49DD-9C97-A113412FAF3F}.DropDb|Any CPU.Build.0 = Debug|Any CPU
		{0C3325E2-62AD-49DD-9C97-A113412FAF3F}.Release|Any CPU.ActiveCfg = Release|Any CPU
		{0C3325E2-62AD-49DD-9C97-A113412FAF3F}.Release|Any CPU.Build.0 = Release|Any CPU
		{58FB0E73-A4EB-410B-AD9D-7FDF278B106E}.Debug|Any CPU.ActiveCfg = Debug|Any CPU
		{58FB0E73-A4EB-410B-AD9D-7FDF278B106E}.Debug|Any CPU.Build.0 = Debug|Any CPU
		{58FB0E73-A4EB-410B-AD9D-7FDF278B106E}.DropDb|Any CPU.ActiveCfg = Debug|Any CPU
		{58FB0E73-A4EB-410B-AD9D-7FDF278B106E}.DropDb|Any CPU.Build.0 = Debug|Any CPU
		{58FB0E73-A4EB-410B-AD9D-7FDF278B106E}.Release|Any CPU.ActiveCfg = Release|Any CPU
		{58FB0E73-A4EB-410B-AD9D-7FDF278B106E}.Release|Any CPU.Build.0 = Release|Any CPU
		{F652C6C1-16FA-4242-AA5C-7677B6E7C798}.Debug|Any CPU.ActiveCfg = Debug|Any CPU
		{F652C6C1-16FA-4242-AA5C-7677B6E7C798}.Debug|Any CPU.Build.0 = Debug|Any CPU
		{F652C6C1-16FA-4242-AA5C-7677B6E7C798}.DropDb|Any CPU.ActiveCfg = Debug|Any CPU
		{F652C6C1-16FA-4242-AA5C-7677B6E7C798}.DropDb|Any CPU.Build.0 = Debug|Any CPU
		{F652C6C1-16FA-4242-AA5C-7677B6E7C798}.Release|Any CPU.ActiveCfg = Release|Any CPU
		{F652C6C1-16FA-4242-AA5C-7677B6E7C798}.Release|Any CPU.Build.0 = Release|Any CPU
		{0CCDCA57-6BCB-429F-8560-CC6785B74435}.Debug|Any CPU.ActiveCfg = Debug|Any CPU
		{0CCDCA57-6BCB-429F-8560-CC6785B74435}.Debug|Any CPU.Build.0 = Debug|Any CPU
		{0CCDCA57-6BCB-429F-8560-CC6785B74435}.DropDb|Any CPU.ActiveCfg = Debug|Any CPU
		{0CCDCA57-6BCB-429F-8560-CC6785B74435}.DropDb|Any CPU.Build.0 = Debug|Any CPU
		{0CCDCA57-6BCB-429F-8560-CC6785B74435}.Release|Any CPU.ActiveCfg = Release|Any CPU
		{0CCDCA57-6BCB-429F-8560-CC6785B74435}.Release|Any CPU.Build.0 = Release|Any CPU
		{F46BDA9F-46A5-4CDA-AF9A-6F7B94484993}.Debug|Any CPU.ActiveCfg = Debug|Any CPU
		{F46BDA9F-46A5-4CDA-AF9A-6F7B94484993}.Debug|Any CPU.Build.0 = Debug|Any CPU
		{F46BDA9F-46A5-4CDA-AF9A-6F7B94484993}.DropDb|Any CPU.ActiveCfg = Debug|Any CPU
		{F46BDA9F-46A5-4CDA-AF9A-6F7B94484993}.DropDb|Any CPU.Build.0 = Debug|Any CPU
		{F46BDA9F-46A5-4CDA-AF9A-6F7B94484993}.Release|Any CPU.ActiveCfg = Release|Any CPU
		{F46BDA9F-46A5-4CDA-AF9A-6F7B94484993}.Release|Any CPU.Build.0 = Release|Any CPU
	EndGlobalSection
	GlobalSection(SolutionProperties) = preSolution
		HideSolutionNode = FALSE
	EndGlobalSection
	GlobalSection(NestedProjects) = preSolution
		{D8A3116A-5C51-4A6F-B364-512948E5A792} = {C6C4036A-D816-4127-B6F6-01CD5788B720}
		{7C1FC9BB-A213-4E09-8FD2-F13ADFA758B4} = {C6C4036A-D816-4127-B6F6-01CD5788B720}
		{FD80989B-08E7-446A-B967-670BAEB4BD5F} = {C6C4036A-D816-4127-B6F6-01CD5788B720}
		{31913791-9E19-4F54-BC07-EF281988C0CD} = {C6C4036A-D816-4127-B6F6-01CD5788B720}
	EndGlobalSection
EndGlobal
